# THIS IS AN AUTOGENERATED FILE. DO NOT EDIT THIS FILE DIRECTLY.
# yarn lockfile v1


"@rails/actioncable@^6.0.0":
  "integrity" "sha512-bV4/Q7NweGFm7t3GvUFm19UF2WKmcvlOXy7AxMWEZCwDxQLagAXhUpKb1AJ6Rg88cPHqXSQHaGKr84lIMd607A=="
  "resolved" "https://registry.npmjs.org/@rails/actioncable/-/actioncable-6.1.5.tgz"
  "version" "6.1.5"

"@rails/activestorage@^6.0.0":
  "integrity" "sha512-7L0eWqrguZIyvfPOpVoZRChuIgxbpBdwdVtprT6wrl5rUAbdyHr6AZczl1yS+5d6nBV0TqpVLaB1sGxi2aMbCQ=="
  "resolved" "https://registry.npmjs.org/@rails/activestorage/-/activestorage-6.1.5.tgz"
  "version" "6.1.5"
  dependencies:
    "spark-md5" "^3.0.0"

"@rails/ujs@^6.0.0":
  "integrity" "sha512-Ir4yd2fdDldWIghavPr874copVKf6OOoecKHZiFRlPtm38tFvhyxr+ywzNieXGwolF9JQe3D5GrM8ejkzUgh5Q=="
  "resolved" "https://registry.npmjs.org/@rails/ujs/-/ujs-6.1.5.tgz"
  "version" "6.1.5"

"bootstrap@^3.4.1":
  "integrity" "sha512-yN5oZVmRCwe5aKwzRj6736nSmKDX7pLYwsXiCj/EYmo16hODaBiT4En5btW/jhBF/seV+XMx3aYwukYC3A49DA=="
  "resolved" "https://registry.npmjs.org/bootstrap/-/bootstrap-3.4.1.tgz"
  "version" "3.4.1"

"jquery@^3.6.0":
  "integrity" "sha512-JVzAR/AjBvVt2BmYhxRCSYysDsPcssdmTFnzyLEts9qNwmjmu4JTAMYubEfwVOSwpQ1I1sKKFcxhZCI2buerfw=="
  "resolved" "https://registry.npmjs.org/jquery/-/jquery-3.6.0.tgz"
  "version" "3.6.0"

"popper.js@^1.16.1":
  "integrity" "sha512-Wb4p1J4zyFTbM+u6WuO4XstYx4Ky9Cewe4DWrel7B0w6VVICvPwdOpotjzcf6eD8TsckVnIMNONQyPIUFOUbCQ=="
  "resolved" "https://registry.npmjs.org/popper.js/-/popper.js-1.16.1.tgz"
  "version" "1.16.1"

"spark-md5@^3.0.0":
  "integrity" "sha512-wcFzz9cDfbuqe0FZzfi2or1sgyIrsDwmPwfZC4hiNidPdPINjeUwNfv5kldczoEAcjl9Y1L3SM7Uz2PUEQzxQw=="
  "resolved" "https://registry.npmjs.org/spark-md5/-/spark-md5-3.0.2.tgz"
  "version" "3.0.2"

"turbolinks@^5.2.0":
  "integrity" "sha512-pMiez3tyBo6uRHFNNZoYMmrES/IaGgMhQQM+VFF36keryjb5ms0XkVpmKHkfW/4Vy96qiGW3K9bz0tF5sK9bBw=="
  "resolved" "https://registry.npmjs.org/turbolinks/-/turbolinks-5.2.0.tgz"
  "version" "5.2.0"
